
Microsoft Visual Studio Solution File, Format Version 12.00
# Visual Studio Version 16
VisualStudioVersion = 16.0.30128.74
MinimumVisualStudioVersion = 10.0.40219.1
Project("{FAE04EC0-301F-11D3-BF4B-00C04F79EFBC}") = "WebGentle.BookStore7", "WebGentle.BookStore7\WebGentle.BookStore7.csproj", "{15CB4CB5-45F9-49FC-B43F-EBFC1A896107}"
EndProject
Global
	GlobalSection(SolutionConfigurationPlatforms) = preSolution
		Debug|Any CPU = Debug|Any CPU
		Release|Any CPU = Release|Any CPU
	EndGlobalSection
	GlobalSection(ProjectConfigurationPlatforms) = postSolution
		{15CB4CB5-45F9-49FC-B43F-EBFC1A896107}.Debug|Any CPU.ActiveCfg = Debug|Any CPU
		{15CB4CB5-45F9-49FC-B43F-EBFC1A896107}.Debug|Any CPU.Build.0 = Debug|Any CPU
		{15CB4CB5-45F9-49FC-B43F-EBFC1A896107}.Release|Any CPU.ActiveCfg = Release|Any CPU
		{15CB4CB5-45F9-49FC-B43F-EBFC1A896107}.Release|Any CPU.Build.0 = Release|Any CPU
	EndGlobalSection
	GlobalSection(SolutionProperties) = preSolution
		HideSolutionNode = FALSE
	EndGlobalSection
	GlobalSection(ExtensibilityGlobals) = postSolution
		SolutionGuid = {4ECD7D02-DE74-4861-8044-56145C9EA086}
	EndGlobalSection
EndGlobal
